
Microsoft Visual Studio Solution File, Format Version 12.00
# Visual Studio 14
VisualStudioVersion = 14.0.24720.0
MinimumVisualStudioVersion = 10.0.40219.1
Project("{FAE04EC0-301F-11D3-BF4B-00C04F79EFBC}") = "LASSharpReader", "LASSharpReader\LASSharpReader.csproj", "{34763EAA-7EE9-4FB4-B91B-5D529147E615}"
EndProject
Project("{FAE04EC0-301F-11D3-BF4B-00C04F79EFBC}") = "LASSharpReaderLib", "LASSharpReaderLib\LASSharpReaderLib.csproj", "{B71103AA-E681-436F-9D2E-6EE8F01F5667}"
EndProject
Global
	GlobalSection(SolutionConfigurationPlatforms) = preSolution
		Debug|Any CPU = Debug|Any CPU
		Release|Any CPU = Release|Any CPU
	EndGlobalSection
	GlobalSection(ProjectConfigurationPlatforms) = postSolution
		{34763EAA-7EE9-4FB4-B91B-5D529147E615}.Debug|Any CPU.ActiveCfg = Debug|Any CPU
		{34763EAA-7EE9-4FB4-B91B-5D529147E615}.Debug|Any CPU.Build.0 = Debug|Any CPU
		{34763EAA-7EE9-4FB4-B91B-5D529147E615}.Release|Any CPU.ActiveCfg = Release|Any CPU
		{34763EAA-7EE9-4FB4-B91B-5D529147E615}.Release|Any CPU.Build.0 = Release|Any CPU
		{B71103AA-E681-436F-9D2E-6EE8F01F5667}.Debug|Any CPU.ActiveCfg = Debug|Any CPU
		{B71103AA-E681-436F-9D2E-6EE8F01F5667}.Debug|Any CPU.Build.0 = Debug|Any CPU
		{B71103AA-E681-436F-9D2E-6EE8F01F5667}.Release|Any CPU.ActiveCfg = Release|Any CPU
		{B71103AA-E681-436F-9D2E-6EE8F01F5667}.Release|Any CPU.Build.0 = Release|Any CPU
	EndGlobalSection
	GlobalSection(SolutionProperties) = preSolution
		HideSolutionNode = FALSE
	EndGlobalSection
EndGlobal
